
Microsoft Visual Studio Solution File, Format Version 12.00
# Visual Studio Version 16
VisualStudioVersion = 16.0.30717.126
MinimumVisualStudioVersion = 10.0.40219.1
Project("{FAE04EC0-301F-11D3-BF4B-00C04F79EFBC}") = "02Laboratory", "02Laboratory\02Laboratory.csproj", "{AB2CA99A-A4DA-48FC-961F-94FEE604521A}"
EndProject
Global
	GlobalSection(SolutionConfigurationPlatforms) = preSolution
		Debug|Any CPU = Debug|Any CPU
		Release|Any CPU = Release|Any CPU
	EndGlobalSection
	GlobalSection(ProjectConfigurationPlatforms) = postSolution
		{AB2CA99A-A4DA-48FC-961F-94FEE604521A}.Debug|Any CPU.ActiveCfg = Debug|Any CPU
		{AB2CA99A-A4DA-48FC-961F-94FEE604521A}.Debug|Any CPU.Build.0 = Debug|Any CPU
		{AB2CA99A-A4DA-48FC-961F-94FEE604521A}.Release|Any CPU.ActiveCfg = Release|Any CPU
		{AB2CA99A-A4DA-48FC-961F-94FEE604521A}.Release|Any CPU.Build.0 = Release|Any CPU
	EndGlobalSection
	GlobalSection(SolutionProperties) = preSolution
		HideSolutionNode = FALSE
	EndGlobalSection
	GlobalSection(ExtensibilityGlobals) = postSolution
		SolutionGuid = {062260C0-6675-476C-925A-E02F0BEB0B8D}
	EndGlobalSection
EndGlobal
